
Microsoft Visual Studio Solution File, Format Version 12.00
# Visual Studio Version 17
VisualStudioVersion = 17.11.35303.130
MinimumVisualStudioVersion = 10.0.40219.1
Project("{9A19103F-16F7-4668-BE54-9A1E7A4F7556}") = "HShop", "HShop.csproj", "{5E754848-C409-4FA6-A561-D9DE19B08CAA}"
EndProject
Global
	GlobalSection(SolutionConfigurationPlatforms) = preSolution
		Debug|Any CPU = Debug|Any CPU
		Release|Any CPU = Release|Any CPU
	EndGlobalSection
	GlobalSection(ProjectConfigurationPlatforms) = postSolution
		{5E754848-C409-4FA6-A561-D9DE19B08CAA}.Debug|Any CPU.ActiveCfg = Debug|Any CPU
		{5E754848-C409-4FA6-A561-D9DE19B08CAA}.Debug|Any CPU.Build.0 = Debug|Any CPU
		{5E754848-C409-4FA6-A561-D9DE19B08CAA}.Release|Any CPU.ActiveCfg = Release|Any CPU
		{5E754848-C409-4FA6-A561-D9DE19B08CAA}.Release|Any CPU.Build.0 = Release|Any CPU
	EndGlobalSection
	GlobalSection(SolutionProperties) = preSolution
		HideSolutionNode = FALSE
	EndGlobalSection
	GlobalSection(ExtensibilityGlobals) = postSolution
		SolutionGuid = {4553CB6F-9195-4FAC-8E22-AE580DE3B77A}
	EndGlobalSection
EndGlobal
